{
  "name": "eth-exec-txs",
  "version": "1.0.0",
  "lockfileVersion": 3,
  "requires": true,
  "packages": {
    "": {
      "name": "eth-exec-txs",
      "version": "1.0.0",
      "license": "MIT",
      "dependencies": {
        "big.js": "^6.1.1",
        "debug": "^4.3.1",
        "p-series": "^2.1.0",
        "p-tap": "^3.0.0"
      },
      "engines": {
        "node": ">=12"
      }
    },
    "node_modules/@sindresorhus/is": {
      "version": "0.15.0",
      "resolved": "https://registry.npmjs.org/@sindresorhus/is/-/is-0.15.0.tgz",
      "integrity": "sha512-lu8BpxjAtRCAo5ifytTpCPCj99LF7o/2Myn+NXyNCBqvPYn7Pjd76AMmUB5l7XF1U6t0hcWrlEM5ESufW7wAeA==",
      "license": "MIT",
      "engines": {
        "node": ">=6"
      }
    },
    "node_modules/big.js": {
      "version": "6.2.2",
      "resolved": "https://registry.npmjs.org/big.js/-/big.js-6.2.2.tgz",
      "integrity": "sha512-y/ie+Faknx7sZA5MfGA2xKlu0GDv8RWrXGsmlteyJQ2lvoKv9GBK/fpRMc2qlSoBAgNxrixICFCBefIq8WCQpQ==",
      "license": "MIT",
      "engines": {
        "node": "*"
      },
      "funding": {
        "type": "opencollective",
        "url": "https://opencollective.com/bigjs"
      }
    },
    "node_modules/debug": {
      "version": "4.4.0",
      "resolved": "https://registry.npmjs.org/debug/-/debug-4.4.0.tgz",
      "integrity": "sha512-6WTZ/IxCY/T6BALoZHaE4ctp9xm+Z5kY/pzYaCHRFeyVhojxlrm+46y68HA6hr0TcwEssoxNiDEUJQjfPZ/RYA==",
      "license": "MIT",
      "dependencies": {
        "ms": "^2.1.3"
      },
      "engines": {
        "node": ">=6.0"
      },
      "peerDependenciesMeta": {
        "supports-color": {
          "optional": true
        }
      }
    },
    "node_modules/ms": {
      "version": "2.1.3",
      "resolved": "https://registry.npmjs.org/ms/-/ms-2.1.3.tgz",
      "integrity": "sha512-6FlzubTLZG3J2a/NVCAleEhjzq5oxgHyaCU9yYXvcLsvoVaHJq/s5xXI6/XXP6tz7R9xAOtHnSO/tXtF3WRTlA==",
      "license": "MIT"
    },
    "node_modules/p-reduce": {
      "version": "2.1.0",
      "resolved": "https://registry.npmjs.org/p-reduce/-/p-reduce-2.1.0.tgz",
      "integrity": "sha512-2USApvnsutq8uoxZBGbbWM0JIYLiEMJ9RlaN7fAzVNb9OZN0SHjjTTfIcb667XynS5Y1VhwDJVDa72TnPzAYWw==",
      "license": "MIT",
      "engines": {
        "node": ">=8"
      }
    },
    "node_modules/p-series": {
      "version": "2.1.0",
      "resolved": "https://registry.npmjs.org/p-series/-/p-series-2.1.0.tgz",
      "integrity": "sha512-vEAnkG1ikRT1kPBrKwpj7AFYQkd1hjt/oHeppxtpoPxy5gEt+OWiHZJN3tMqvFa+UJfVwO3lwHoMUpMYBLKnaQ==",
      "license": "MIT",
      "dependencies": {
        "@sindresorhus/is": "^0.15.0",
        "p-reduce": "^2.1.0"
      },
      "engines": {
        "node": ">=8"
      }
    },
    "node_modules/p-tap": {
      "version": "3.1.0",
      "resolved": "https://registry.npmjs.org/p-tap/-/p-tap-3.1.0.tgz",
      "integrity": "sha512-xJSaeByOOQu5GnHEcnrxMkNi8O3Ez5X1wz8RT6wiL3mJFd4oXcSOvcKq+1CFUtuVYTSTWL/8rlkaCJRoR+L+NA==",
      "license": "MIT",
      "engines": {
        "node": ">=8"
      }
    }
  }
}
