{
  "name": "eth-exec-txs",
  "version": "1.0.0",
  "lockfileVersion": 1,
  "requires": true,
  "dependencies": {
    "@sindresorhus/is": {
      "version": "0.15.0",
      "resolved": "https://registry.npmjs.org/@sindresorhus/is/-/is-0.15.0.tgz",
      "integrity": "sha512-lu8BpxjAtRCAo5ifytTpCPCj99LF7o/2Myn+NXyNCBqvPYn7Pjd76AMmUB5l7XF1U6t0hcWrlEM5ESufW7wAeA=="
    },
    "big.js": {
      "version": "6.1.1",
      "resolved": "https://registry.npmjs.org/big.js/-/big.js-6.1.1.tgz",
      "integrity": "sha512-1vObw81a8ylZO5ePrtMay0n018TcftpTA5HFKDaSuiUDBo8biRBtjIobw60OpwuvrGk+FsxKamqN4cnmj/eXdg=="
    },
    "debug": {
      "version": "4.3.2",
      "resolved": "https://registry.npmjs.org/debug/-/debug-4.3.2.tgz",
      "integrity": "sha512-mOp8wKcvj7XxC78zLgw/ZA+6TSgkoE2C/ienthhRD298T7UNwAg9diBpLRxC0mOezLl4B0xV7M0cCO6P/O0Xhw==",
      "requires": {
        "ms": "2.1.2"
      }
    },
    "ms": {
      "version": "2.1.2",
      "resolved": "https://registry.npmjs.org/ms/-/ms-2.1.2.tgz",
      "integrity": "sha512-sGkPx+VjMtmA6MX27oA4FBFELFCZZ4S4XqeGOXCv68tT+jb3vk/RyaKWP0PTKyWtmLSM0b+adUTEvbs1PEaH2w=="
    },
    "p-reduce": {
      "version": "2.1.0",
      "resolved": "https://registry.npmjs.org/p-reduce/-/p-reduce-2.1.0.tgz",
      "integrity": "sha512-2USApvnsutq8uoxZBGbbWM0JIYLiEMJ9RlaN7fAzVNb9OZN0SHjjTTfIcb667XynS5Y1VhwDJVDa72TnPzAYWw=="
    },
    "p-series": {
      "version": "2.1.0",
      "resolved": "https://registry.npmjs.org/p-series/-/p-series-2.1.0.tgz",
      "integrity": "sha512-vEAnkG1ikRT1kPBrKwpj7AFYQkd1hjt/oHeppxtpoPxy5gEt+OWiHZJN3tMqvFa+UJfVwO3lwHoMUpMYBLKnaQ==",
      "requires": {
        "@sindresorhus/is": "^0.15.0",
        "p-reduce": "^2.1.0"
      }
    },
    "p-tap": {
      "version": "3.1.0",
      "resolved": "https://registry.npmjs.org/p-tap/-/p-tap-3.1.0.tgz",
      "integrity": "sha512-xJSaeByOOQu5GnHEcnrxMkNi8O3Ez5X1wz8RT6wiL3mJFd4oXcSOvcKq+1CFUtuVYTSTWL/8rlkaCJRoR+L+NA=="
    }
  }
}
