{
  "name": "erc-20-lib",
  "version": "1.0.0",
  "lockfileVersion": 1,
  "requires": true,
  "dependencies": {
    "@uniswap/default-token-list": {
      "version": "2.1.0",
      "resolved": "https://registry.npmjs.org/@uniswap/default-token-list/-/default-token-list-2.1.0.tgz",
      "integrity": "sha512-Cd2CrtZ+rNk55txvO76EEZRWOyojX+YyY0xxVjiMN00Y9nKDCftYoUNvwy9d+VuTySYjyCAVUef4PdcongZAPg=="
    },
    "debug": {
      "version": "4.3.2",
      "resolved": "https://registry.npmjs.org/debug/-/debug-4.3.2.tgz",
      "integrity": "sha512-mOp8wKcvj7XxC78zLgw/ZA+6TSgkoE2C/ienthhRD298T7UNwAg9diBpLRxC0mOezLl4B0xV7M0cCO6P/O0Xhw==",
      "requires": {
        "ms": "2.1.2"
      }
    },
    "erc-20-abi": {
      "version": "1.0.0",
      "resolved": "https://registry.npmjs.org/erc-20-abi/-/erc-20-abi-1.0.0.tgz",
      "integrity": "sha512-X+kdxwbfegJ5quNHVyJPf72Y8g+rpurR3vA+K2b4jVUuAl3qHMYxnR7ZOJRC/T7kQu3V8XU4/U4mIJ+w5wUaeQ=="
    },
    "ms": {
      "version": "2.1.2",
      "resolved": "https://registry.npmjs.org/ms/-/ms-2.1.2.tgz",
      "integrity": "sha512-sGkPx+VjMtmA6MX27oA4FBFELFCZZ4S4XqeGOXCv68tT+jb3vk/RyaKWP0PTKyWtmLSM0b+adUTEvbs1PEaH2w=="
    }
  }
}
